
Microsoft Visual Studio Solution File, Format Version 12.00
# Visual Studio 14
VisualStudioVersion = 14.0.25420.1
MinimumVisualStudioVersion = 10.0.40219.1
Project("{FAE04EC0-301F-11D3-BF4B-00C04F79EFBC}") = "OrangeadeStand", "OrangeadeStand\OrangeadeStand.csproj", "{5373F659-F183-49CD-AC5E-45D8A5FC3ADA}"
EndProject
Project("{FAE04EC0-301F-11D3-BF4B-00C04F79EFBC}") = "OrangeadeStandUnitTest", "OrangeadeStandUnitTest\OrangeadeStandUnitTest.csproj", "{387F04FA-C967-453C-A880-2BA2A9B452C5}"
EndProject
Project("{F088123C-0E9E-452A-89E6-6BA2F21D5CAC}") = "OrangeadeStandModel", "OrangeadeStandModel\OrangeadeStandModel.modelproj", "{28C83607-7B66-44A4-8820-5C2280AC1DBF}"
EndProject
Global
	GlobalSection(SolutionConfigurationPlatforms) = preSolution
		Debug|Any CPU = Debug|Any CPU
		Release|Any CPU = Release|Any CPU
	EndGlobalSection
	GlobalSection(ProjectConfigurationPlatforms) = postSolution
		{5373F659-F183-49CD-AC5E-45D8A5FC3ADA}.Debug|Any CPU.ActiveCfg = Debug|Any CPU
		{5373F659-F183-49CD-AC5E-45D8A5FC3ADA}.Debug|Any CPU.Build.0 = Debug|Any CPU
		{5373F659-F183-49CD-AC5E-45D8A5FC3ADA}.Release|Any CPU.ActiveCfg = Release|Any CPU
		{5373F659-F183-49CD-AC5E-45D8A5FC3ADA}.Release|Any CPU.Build.0 = Release|Any CPU
		{387F04FA-C967-453C-A880-2BA2A9B452C5}.Debug|Any CPU.ActiveCfg = Debug|Any CPU
		{387F04FA-C967-453C-A880-2BA2A9B452C5}.Debug|Any CPU.Build.0 = Debug|Any CPU
		{387F04FA-C967-453C-A880-2BA2A9B452C5}.Release|Any CPU.ActiveCfg = Release|Any CPU
		{387F04FA-C967-453C-A880-2BA2A9B452C5}.Release|Any CPU.Build.0 = Release|Any CPU
		{28C83607-7B66-44A4-8820-5C2280AC1DBF}.Debug|Any CPU.ActiveCfg = Debug|Any CPU
		{28C83607-7B66-44A4-8820-5C2280AC1DBF}.Debug|Any CPU.Build.0 = Debug|Any CPU
		{28C83607-7B66-44A4-8820-5C2280AC1DBF}.Release|Any CPU.ActiveCfg = Release|Any CPU
		{28C83607-7B66-44A4-8820-5C2280AC1DBF}.Release|Any CPU.Build.0 = Release|Any CPU
	EndGlobalSection
	GlobalSection(SolutionProperties) = preSolution
		HideSolutionNode = FALSE
	EndGlobalSection
EndGlobal
